// !$*UTF8*$!
{
	archiveVersion = 1;
	classes = {
	};
	objectVersion = 50;
	objects = {

/* Begin PBXBuildFile section */
		B81933F022CA6A1800A754CA /* UbiquitousKeyValueStoreWorker.swift in Sources */ = {isa = PBXBuildFile; fileRef = B81933EF22CA6A1800A754CA /* UbiquitousKeyValueStoreWorker.swift */; };
		B82A943E22D624CA00AB64F4 /* DataStoreManager.h in Headers */ = {isa = PBXBuildFile; fileRef = B8C2CF2E22C8E6640080102C /* DataStoreManager.h */; settings = {ATTRIBUTES = (Public, ); }; };
		B82A943F22D624D500AB64F4 /* DataStoreManager.h in Headers */ = {isa = PBXBuildFile; fileRef = B8C2CF2E22C8E6640080102C /* DataStoreManager.h */; settings = {ATTRIBUTES = (Public, ); }; };
		B82A946A22D629FE00AB64F4 /* DataStoreManagerTests.swift in Sources */ = {isa = PBXBuildFile; fileRef = B82A946922D629FE00AB64F4 /* DataStoreManagerTests.swift */; };
		B82A946C22D629FE00AB64F4 /* DataStoreManager_macOS.framework in Frameworks */ = {isa = PBXBuildFile; fileRef = B8D1AD0722D581C400CF5EAB /* DataStoreManager_macOS.framework */; };
		B82D10F622D5BE3E00670392 /* DataStoreManager.h in Headers */ = {isa = PBXBuildFile; fileRef = B8C2CF2E22C8E6640080102C /* DataStoreManager.h */; settings = {ATTRIBUTES = (Public, ); }; };
		B886C18F22CC368A00EBEBE4 /* StorageType.swift in Sources */ = {isa = PBXBuildFile; fileRef = B886C18E22CC368A00EBEBE4 /* StorageType.swift */; };
		B8C2CF3522C8E6640080102C /* DataStoreManager_iOS.framework in Frameworks */ = {isa = PBXBuildFile; fileRef = B8C2CF2B22C8E6640080102C /* DataStoreManager_iOS.framework */; };
		B8C2CF3A22C8E6640080102C /* DataStoreManagerTests.swift in Sources */ = {isa = PBXBuildFile; fileRef = B8C2CF3922C8E6640080102C /* DataStoreManagerTests.swift */; };
		B8C2CF4A22C8EE980080102C /* DataStoreManager.swift in Sources */ = {isa = PBXBuildFile; fileRef = B8C2CF4922C8EE980080102C /* DataStoreManager.swift */; };
		B8C2CF4C22C8F1E30080102C /* UserDefaultsWorker.swift in Sources */ = {isa = PBXBuildFile; fileRef = B8C2CF4B22C8F1E30080102C /* UserDefaultsWorker.swift */; };
		B8C2CF4E22C9080E0080102C /* DataSource.swift in Sources */ = {isa = PBXBuildFile; fileRef = B8C2CF4D22C9080E0080102C /* DataSource.swift */; };
		B8C2CF5022C9180F0080102C /* FileManagerWorker.swift in Sources */ = {isa = PBXBuildFile; fileRef = B8C2CF4F22C9180F0080102C /* FileManagerWorker.swift */; };
		B8C9485722D1AEFB00B0E72D /* Error.swift in Sources */ = {isa = PBXBuildFile; fileRef = B8C9485622D1AEFB00B0E72D /* Error.swift */; };
		B8C9485922D1AF4D00B0E72D /* AuthenticationType.swift in Sources */ = {isa = PBXBuildFile; fileRef = B8C9485822D1AF4D00B0E72D /* AuthenticationType.swift */; };
		B8C9485B22D1AF8300B0E72D /* ProtocolType.swift in Sources */ = {isa = PBXBuildFile; fileRef = B8C9485A22D1AF8300B0E72D /* ProtocolType.swift */; };
		B8C9485E22D1B0B300B0E72D /* Delegate.swift in Sources */ = {isa = PBXBuildFile; fileRef = B8C9485D22D1B0B300B0E72D /* Delegate.swift */; };
		B8D1AD1022D582F400CF5EAB /* DataStoreManager.swift in Sources */ = {isa = PBXBuildFile; fileRef = B8C2CF4922C8EE980080102C /* DataStoreManager.swift */; };
		B8D1AD1122D582F700CF5EAB /* UserDefaultsWorker.swift in Sources */ = {isa = PBXBuildFile; fileRef = B8C2CF4B22C8F1E30080102C /* UserDefaultsWorker.swift */; };
		B8D1AD1222D582FA00CF5EAB /* FileManagerWorker.swift in Sources */ = {isa = PBXBuildFile; fileRef = B8C2CF4F22C9180F0080102C /* FileManagerWorker.swift */; };
		B8D1AD1322D582FC00CF5EAB /* CacheWorker.swift in Sources */ = {isa = PBXBuildFile; fileRef = B8F88E8B22C9C1CF00414B3E /* CacheWorker.swift */; };
		B8D1AD1422D582FF00CF5EAB /* KeychainWorker.swift in Sources */ = {isa = PBXBuildFile; fileRef = B8F88E8922C9A57E00414B3E /* KeychainWorker.swift */; };
		B8D1AD1522D5830200CF5EAB /* CloudKitWorker.swift in Sources */ = {isa = PBXBuildFile; fileRef = B8E1ED4622CD0506008D0D7B /* CloudKitWorker.swift */; };
		B8D1AD1622D5830500CF5EAB /* StorageType.swift in Sources */ = {isa = PBXBuildFile; fileRef = B886C18E22CC368A00EBEBE4 /* StorageType.swift */; };
		B8D1AD1722D5830700CF5EAB /* ProtocolType.swift in Sources */ = {isa = PBXBuildFile; fileRef = B8C9485A22D1AF8300B0E72D /* ProtocolType.swift */; };
		B8D1AD1822D5830900CF5EAB /* AuthenticationType.swift in Sources */ = {isa = PBXBuildFile; fileRef = B8C9485822D1AF4D00B0E72D /* AuthenticationType.swift */; };
		B8D1AD1922D5830C00CF5EAB /* Error.swift in Sources */ = {isa = PBXBuildFile; fileRef = B8C9485622D1AEFB00B0E72D /* Error.swift */; };
		B8D1AD1A22D5830E00CF5EAB /* DataSource.swift in Sources */ = {isa = PBXBuildFile; fileRef = B8C2CF4D22C9080E0080102C /* DataSource.swift */; };
		B8D1AD1B22D5831100CF5EAB /* Delegate.swift in Sources */ = {isa = PBXBuildFile; fileRef = B8C9485D22D1B0B300B0E72D /* Delegate.swift */; };
		B8D1AD2022D583E000CF5EAB /* UbiquitousKeyValueStoreWorker.swift in Sources */ = {isa = PBXBuildFile; fileRef = B81933EF22CA6A1800A754CA /* UbiquitousKeyValueStoreWorker.swift */; };
		B8D1AD5D22D591FD00CF5EAB /* Delegate.swift in Sources */ = {isa = PBXBuildFile; fileRef = B8C9485D22D1B0B300B0E72D /* Delegate.swift */; };
		B8D1AD5E22D5920000CF5EAB /* DataSource.swift in Sources */ = {isa = PBXBuildFile; fileRef = B8C2CF4D22C9080E0080102C /* DataSource.swift */; };
		B8D1AD5F22D5920200CF5EAB /* Error.swift in Sources */ = {isa = PBXBuildFile; fileRef = B8C9485622D1AEFB00B0E72D /* Error.swift */; };
		B8D1AD6022D5920500CF5EAB /* AuthenticationType.swift in Sources */ = {isa = PBXBuildFile; fileRef = B8C9485822D1AF4D00B0E72D /* AuthenticationType.swift */; };
		B8D1AD6122D5921200CF5EAB /* ProtocolType.swift in Sources */ = {isa = PBXBuildFile; fileRef = B8C9485A22D1AF8300B0E72D /* ProtocolType.swift */; };
		B8D1AD6222D5922900CF5EAB /* StorageType.swift in Sources */ = {isa = PBXBuildFile; fileRef = B886C18E22CC368A00EBEBE4 /* StorageType.swift */; };
		B8D1AD6322D5922C00CF5EAB /* UbiquitousKeyValueStoreWorker.swift in Sources */ = {isa = PBXBuildFile; fileRef = B81933EF22CA6A1800A754CA /* UbiquitousKeyValueStoreWorker.swift */; };
		B8D1AD6422D5922F00CF5EAB /* CloudKitWorker.swift in Sources */ = {isa = PBXBuildFile; fileRef = B8E1ED4622CD0506008D0D7B /* CloudKitWorker.swift */; };
		B8D1AD6522D5923200CF5EAB /* KeychainWorker.swift in Sources */ = {isa = PBXBuildFile; fileRef = B8F88E8922C9A57E00414B3E /* KeychainWorker.swift */; };
		B8D1AD6622D5923700CF5EAB /* CacheWorker.swift in Sources */ = {isa = PBXBuildFile; fileRef = B8F88E8B22C9C1CF00414B3E /* CacheWorker.swift */; };
		B8D1AD6722D5923B00CF5EAB /* FileManagerWorker.swift in Sources */ = {isa = PBXBuildFile; fileRef = B8C2CF4F22C9180F0080102C /* FileManagerWorker.swift */; };
		B8D1AD6822D5923E00CF5EAB /* UserDefaultsWorker.swift in Sources */ = {isa = PBXBuildFile; fileRef = B8C2CF4B22C8F1E30080102C /* UserDefaultsWorker.swift */; };
		B8D1AD6922D5924200CF5EAB /* DataStoreManager.swift in Sources */ = {isa = PBXBuildFile; fileRef = B8C2CF4922C8EE980080102C /* DataStoreManager.swift */; };
		B8E1ED4722CD0506008D0D7B /* CloudKitWorker.swift in Sources */ = {isa = PBXBuildFile; fileRef = B8E1ED4622CD0506008D0D7B /* CloudKitWorker.swift */; };
		B8F88E8A22C9A57E00414B3E /* KeychainWorker.swift in Sources */ = {isa = PBXBuildFile; fileRef = B8F88E8922C9A57E00414B3E /* KeychainWorker.swift */; };
		B8F88E8C22C9C1CF00414B3E /* CacheWorker.swift in Sources */ = {isa = PBXBuildFile; fileRef = B8F88E8B22C9C1CF00414B3E /* CacheWorker.swift */; };
/* End PBXBuildFile section */

/* Begin PBXContainerItemProxy section */
		B82A946D22D629FE00AB64F4 /* PBXContainerItemProxy */ = {
			isa = PBXContainerItemProxy;
			containerPortal = B8C2CF2222C8E6640080102C /* Project object */;
			proxyType = 1;
			remoteGlobalIDString = B8D1AD0622D581C400CF5EAB;
			remoteInfo = "DataStoreManager-macOS";
		};
		B8C2CF3622C8E6640080102C /* PBXContainerItemProxy */ = {
			isa = PBXContainerItemProxy;
			containerPortal = B8C2CF2222C8E6640080102C /* Project object */;
			proxyType = 1;
			remoteGlobalIDString = B8C2CF2A22C8E6640080102C;
			remoteInfo = DataStoreManager;
		};
/* End PBXContainerItemProxy section */

/* Begin PBXFileReference section */
		B81933EF22CA6A1800A754CA /* UbiquitousKeyValueStoreWorker.swift */ = {isa = PBXFileReference; lastKnownFileType = sourcecode.swift; path = UbiquitousKeyValueStoreWorker.swift; sourceTree = "<group>"; };
		B82A946722D629FD00AB64F4 /* DataStoreManagerTests-macOS.xctest */ = {isa = PBXFileReference; explicitFileType = wrapper.cfbundle; includeInIndex = 0; path = "DataStoreManagerTests-macOS.xctest"; sourceTree = BUILT_PRODUCTS_DIR; };
		B82A946922D629FE00AB64F4 /* DataStoreManagerTests.swift */ = {isa = PBXFileReference; lastKnownFileType = sourcecode.swift; path = DataStoreManagerTests.swift; sourceTree = "<group>"; };
		B82A946B22D629FE00AB64F4 /* Info.plist */ = {isa = PBXFileReference; lastKnownFileType = text.plist.xml; path = Info.plist; sourceTree = "<group>"; };
		B886C18E22CC368A00EBEBE4 /* StorageType.swift */ = {isa = PBXFileReference; lastKnownFileType = sourcecode.swift; path = StorageType.swift; sourceTree = "<group>"; };
		B8C2CF2B22C8E6640080102C /* DataStoreManager_iOS.framework */ = {isa = PBXFileReference; explicitFileType = wrapper.framework; includeInIndex = 0; path = DataStoreManager_iOS.framework; sourceTree = BUILT_PRODUCTS_DIR; };
		B8C2CF2E22C8E6640080102C /* DataStoreManager.h */ = {isa = PBXFileReference; lastKnownFileType = sourcecode.c.h; path = DataStoreManager.h; sourceTree = "<group>"; };
		B8C2CF2F22C8E6640080102C /* Info.plist */ = {isa = PBXFileReference; lastKnownFileType = text.plist.xml; path = Info.plist; sourceTree = "<group>"; };
		B8C2CF3422C8E6640080102C /* DataStoreManagerTests-iOS.xctest */ = {isa = PBXFileReference; explicitFileType = wrapper.cfbundle; includeInIndex = 0; path = "DataStoreManagerTests-iOS.xctest"; sourceTree = BUILT_PRODUCTS_DIR; };
		B8C2CF3922C8E6640080102C /* DataStoreManagerTests.swift */ = {isa = PBXFileReference; lastKnownFileType = sourcecode.swift; path = DataStoreManagerTests.swift; sourceTree = "<group>"; };
		B8C2CF3B22C8E6640080102C /* Info.plist */ = {isa = PBXFileReference; lastKnownFileType = text.plist.xml; path = Info.plist; sourceTree = "<group>"; };
		B8C2CF4922C8EE980080102C /* DataStoreManager.swift */ = {isa = PBXFileReference; lastKnownFileType = sourcecode.swift; path = DataStoreManager.swift; sourceTree = "<group>"; };
		B8C2CF4B22C8F1E30080102C /* UserDefaultsWorker.swift */ = {isa = PBXFileReference; lastKnownFileType = sourcecode.swift; path = UserDefaultsWorker.swift; sourceTree = "<group>"; };
		B8C2CF4D22C9080E0080102C /* DataSource.swift */ = {isa = PBXFileReference; lastKnownFileType = sourcecode.swift; path = DataSource.swift; sourceTree = "<group>"; };
		B8C2CF4F22C9180F0080102C /* FileManagerWorker.swift */ = {isa = PBXFileReference; lastKnownFileType = sourcecode.swift; path = FileManagerWorker.swift; sourceTree = "<group>"; };
		B8C9485622D1AEFB00B0E72D /* Error.swift */ = {isa = PBXFileReference; lastKnownFileType = sourcecode.swift; path = Error.swift; sourceTree = "<group>"; };
		B8C9485822D1AF4D00B0E72D /* AuthenticationType.swift */ = {isa = PBXFileReference; lastKnownFileType = sourcecode.swift; path = AuthenticationType.swift; sourceTree = "<group>"; };
		B8C9485A22D1AF8300B0E72D /* ProtocolType.swift */ = {isa = PBXFileReference; lastKnownFileType = sourcecode.swift; path = ProtocolType.swift; sourceTree = "<group>"; };
		B8C9485D22D1B0B300B0E72D /* Delegate.swift */ = {isa = PBXFileReference; lastKnownFileType = sourcecode.swift; path = Delegate.swift; sourceTree = "<group>"; };
		B8D1AD0722D581C400CF5EAB /* DataStoreManager_macOS.framework */ = {isa = PBXFileReference; explicitFileType = wrapper.framework; includeInIndex = 0; path = DataStoreManager_macOS.framework; sourceTree = BUILT_PRODUCTS_DIR; };
		B8D1AD5322D58F6C00CF5EAB /* DataStoreManager_watchOS.framework */ = {isa = PBXFileReference; explicitFileType = wrapper.framework; includeInIndex = 0; path = DataStoreManager_watchOS.framework; sourceTree = BUILT_PRODUCTS_DIR; };
		B8E1ED4622CD0506008D0D7B /* CloudKitWorker.swift */ = {isa = PBXFileReference; fileEncoding = 4; lastKnownFileType = sourcecode.swift; path = CloudKitWorker.swift; sourceTree = "<group>"; };
		B8F88E8922C9A57E00414B3E /* KeychainWorker.swift */ = {isa = PBXFileReference; lastKnownFileType = sourcecode.swift; path = KeychainWorker.swift; sourceTree = "<group>"; };
		B8F88E8B22C9C1CF00414B3E /* CacheWorker.swift */ = {isa = PBXFileReference; lastKnownFileType = sourcecode.swift; path = CacheWorker.swift; sourceTree = "<group>"; };
/* End PBXFileReference section */

/* Begin PBXFrameworksBuildPhase section */
		B82A946422D629FD00AB64F4 /* Frameworks */ = {
			isa = PBXFrameworksBuildPhase;
			buildActionMask = 2147483647;
			files = (
				B82A946C22D629FE00AB64F4 /* DataStoreManager_macOS.framework in Frameworks */,
			);
			runOnlyForDeploymentPostprocessing = 0;
		};
		B8C2CF2822C8E6640080102C /* Frameworks */ = {
			isa = PBXFrameworksBuildPhase;
			buildActionMask = 2147483647;
			files = (
			);
			runOnlyForDeploymentPostprocessing = 0;
		};
		B8C2CF3122C8E6640080102C /* Frameworks */ = {
			isa = PBXFrameworksBuildPhase;
			buildActionMask = 2147483647;
			files = (
				B8C2CF3522C8E6640080102C /* DataStoreManager_iOS.framework in Frameworks */,
			);
			runOnlyForDeploymentPostprocessing = 0;
		};
		B8D1AD0422D581C400CF5EAB /* Frameworks */ = {
			isa = PBXFrameworksBuildPhase;
			buildActionMask = 2147483647;
			files = (
			);
			runOnlyForDeploymentPostprocessing = 0;
		};
		B8D1AD5022D58F6C00CF5EAB /* Frameworks */ = {
			isa = PBXFrameworksBuildPhase;
			buildActionMask = 2147483647;
			files = (
			);
			runOnlyForDeploymentPostprocessing = 0;
		};
/* End PBXFrameworksBuildPhase section */

/* Begin PBXGroup section */
		B82A946822D629FE00AB64F4 /* DataStoreManagerTests */ = {
			isa = PBXGroup;
			children = (
				B82A946922D629FE00AB64F4 /* DataStoreManagerTests.swift */,
				B82A946B22D629FE00AB64F4 /* Info.plist */,
			);
			path = DataStoreManagerTests;
			sourceTree = "<group>";
		};
		B8C2CF2122C8E6640080102C = {
			isa = PBXGroup;
			children = (
				B8C2CF2D22C8E6640080102C /* Sources */,
				B8C2CF3822C8E6640080102C /* Tests */,
				B82A946822D629FE00AB64F4 /* DataStoreManagerTests */,
				B8C2CF2C22C8E6640080102C /* Products */,
				B8D1AD1E22D5833800CF5EAB /* Frameworks */,
			);
			sourceTree = "<group>";
		};
		B8C2CF2C22C8E6640080102C /* Products */ = {
			isa = PBXGroup;
			children = (
				B8C2CF2B22C8E6640080102C /* DataStoreManager_iOS.framework */,
				B8C2CF3422C8E6640080102C /* DataStoreManagerTests-iOS.xctest */,
				B8D1AD0722D581C400CF5EAB /* DataStoreManager_macOS.framework */,
				B8D1AD5322D58F6C00CF5EAB /* DataStoreManager_watchOS.framework */,
				B82A946722D629FD00AB64F4 /* DataStoreManagerTests-macOS.xctest */,
			);
			name = Products;
			sourceTree = "<group>";
		};
		B8C2CF2D22C8E6640080102C /* Sources */ = {
			isa = PBXGroup;
			children = (
				B8C2CF4522C8E69D0080102C /* DataStoreManager */,
				B8C2CF2F22C8E6640080102C /* Info.plist */,
			);
			path = Sources;
			sourceTree = "<group>";
		};
		B8C2CF3822C8E6640080102C /* Tests */ = {
			isa = PBXGroup;
			children = (
				B8C2CF4622C8E6C80080102C /* DataStoreManagerTests */,
				B8C2CF3B22C8E6640080102C /* Info.plist */,
			);
			path = Tests;
			sourceTree = "<group>";
		};
		B8C2CF4522C8E69D0080102C /* DataStoreManager */ = {
			isa = PBXGroup;
			children = (
				B8C2CF4922C8EE980080102C /* DataStoreManager.swift */,
				B8C2CF4B22C8F1E30080102C /* UserDefaultsWorker.swift */,
				B8C2CF4F22C9180F0080102C /* FileManagerWorker.swift */,
				B8F88E8B22C9C1CF00414B3E /* CacheWorker.swift */,
				B8F88E8922C9A57E00414B3E /* KeychainWorker.swift */,
				B8E1ED4622CD0506008D0D7B /* CloudKitWorker.swift */,
				B81933EF22CA6A1800A754CA /* UbiquitousKeyValueStoreWorker.swift */,
				B8C9485522D1AEDD00B0E72D /* Models */,
				B8C9485C22D1B0A000B0E72D /* Protocols */,
				B8C2CF2E22C8E6640080102C /* DataStoreManager.h */,
			);
			path = DataStoreManager;
			sourceTree = "<group>";
		};
		B8C2CF4622C8E6C80080102C /* DataStoreManagerTests */ = {
			isa = PBXGroup;
			children = (
				B8C2CF3922C8E6640080102C /* DataStoreManagerTests.swift */,
			);
			path = DataStoreManagerTests;
			sourceTree = "<group>";
		};
		B8C9485522D1AEDD00B0E72D /* Models */ = {
			isa = PBXGroup;
			children = (
				B886C18E22CC368A00EBEBE4 /* StorageType.swift */,
				B8C9485A22D1AF8300B0E72D /* ProtocolType.swift */,
				B8C9485822D1AF4D00B0E72D /* AuthenticationType.swift */,
				B8C9485622D1AEFB00B0E72D /* Error.swift */,
			);
			path = Models;
			sourceTree = "<group>";
		};
		B8C9485C22D1B0A000B0E72D /* Protocols */ = {
			isa = PBXGroup;
			children = (
				B8C2CF4D22C9080E0080102C /* DataSource.swift */,
				B8C9485D22D1B0B300B0E72D /* Delegate.swift */,
			);
			path = Protocols;
			sourceTree = "<group>";
		};
		B8D1AD1E22D5833800CF5EAB /* Frameworks */ = {
			isa = PBXGroup;
			children = (
			);
			name = Frameworks;
			sourceTree = "<group>";
		};
/* End PBXGroup section */

/* Begin PBXHeadersBuildPhase section */
		B8C2CF2622C8E6640080102C /* Headers */ = {
			isa = PBXHeadersBuildPhase;
			buildActionMask = 2147483647;
			files = (
				B82D10F622D5BE3E00670392 /* DataStoreManager.h in Headers */,
			);
			runOnlyForDeploymentPostprocessing = 0;
		};
		B8D1AD0222D581C400CF5EAB /* Headers */ = {
			isa = PBXHeadersBuildPhase;
			buildActionMask = 2147483647;
			files = (
				B82A943E22D624CA00AB64F4 /* DataStoreManager.h in Headers */,
			);
			runOnlyForDeploymentPostprocessing = 0;
		};
		B8D1AD4E22D58F6C00CF5EAB /* Headers */ = {
			isa = PBXHeadersBuildPhase;
			buildActionMask = 2147483647;
			files = (
				B82A943F22D624D500AB64F4 /* DataStoreManager.h in Headers */,
			);
			runOnlyForDeploymentPostprocessing = 0;
		};
/* End PBXHeadersBuildPhase section */

/* Begin PBXNativeTarget section */
		B82A946622D629FD00AB64F4 /* DataStoreManagerTests-macOS */ = {
			isa = PBXNativeTarget;
			buildConfigurationList = B82A946F22D629FE00AB64F4 /* Build configuration list for PBXNativeTarget "DataStoreManagerTests-macOS" */;
			buildPhases = (
				B82A946322D629FD00AB64F4 /* Sources */,
				B82A946422D629FD00AB64F4 /* Frameworks */,
				B82A946522D629FD00AB64F4 /* Resources */,
			);
			buildRules = (
			);
			dependencies = (
				B82A946E22D629FE00AB64F4 /* PBXTargetDependency */,
			);
			name = "DataStoreManagerTests-macOS";
			productName = DataStoreManagerTests;
			productReference = B82A946722D629FD00AB64F4 /* DataStoreManagerTests-macOS.xctest */;
			productType = "com.apple.product-type.bundle.unit-test";
		};
		B8C2CF2A22C8E6640080102C /* DataStoreManager-iOS */ = {
			isa = PBXNativeTarget;
			buildConfigurationList = B8C2CF3F22C8E6640080102C /* Build configuration list for PBXNativeTarget "DataStoreManager-iOS" */;
			buildPhases = (
				B8C2CF2622C8E6640080102C /* Headers */,
				B8C2CF2722C8E6640080102C /* Sources */,
				B8C2CF2822C8E6640080102C /* Frameworks */,
				B8C2CF2922C8E6640080102C /* Resources */,
			);
			buildRules = (
			);
			dependencies = (
			);
			name = "DataStoreManager-iOS";
			productName = DataStoreManager;
			productReference = B8C2CF2B22C8E6640080102C /* DataStoreManager_iOS.framework */;
			productType = "com.apple.product-type.framework";
		};
		B8C2CF3322C8E6640080102C /* DataStoreManagerTests-iOS */ = {
			isa = PBXNativeTarget;
			buildConfigurationList = B8C2CF4222C8E6640080102C /* Build configuration list for PBXNativeTarget "DataStoreManagerTests-iOS" */;
			buildPhases = (
				B8C2CF3022C8E6640080102C /* Sources */,
				B8C2CF3122C8E6640080102C /* Frameworks */,
				B8C2CF3222C8E6640080102C /* Resources */,
			);
			buildRules = (
			);
			dependencies = (
				B8C2CF3722C8E6640080102C /* PBXTargetDependency */,
			);
			name = "DataStoreManagerTests-iOS";
			productName = DataStoreManagerTests;
			productReference = B8C2CF3422C8E6640080102C /* DataStoreManagerTests-iOS.xctest */;
			productType = "com.apple.product-type.bundle.unit-test";
		};
		B8D1AD0622D581C400CF5EAB /* DataStoreManager-macOS */ = {
			isa = PBXNativeTarget;
			buildConfigurationList = B8D1AD0C22D581C400CF5EAB /* Build configuration list for PBXNativeTarget "DataStoreManager-macOS" */;
			buildPhases = (
				B8D1AD0222D581C400CF5EAB /* Headers */,
				B8D1AD0322D581C400CF5EAB /* Sources */,
				B8D1AD0422D581C400CF5EAB /* Frameworks */,
				B8D1AD0522D581C400CF5EAB /* Resources */,
			);
			buildRules = (
			);
			dependencies = (
			);
			name = "DataStoreManager-macOS";
			productName = DataStoreManager;
			productReference = B8D1AD0722D581C400CF5EAB /* DataStoreManager_macOS.framework */;
			productType = "com.apple.product-type.framework";
		};
		B8D1AD5222D58F6C00CF5EAB /* DataStoreManager-watchOS */ = {
			isa = PBXNativeTarget;
			buildConfigurationList = B8D1AD5822D58F6C00CF5EAB /* Build configuration list for PBXNativeTarget "DataStoreManager-watchOS" */;
			buildPhases = (
				B8D1AD4E22D58F6C00CF5EAB /* Headers */,
				B8D1AD4F22D58F6C00CF5EAB /* Sources */,
				B8D1AD5022D58F6C00CF5EAB /* Frameworks */,
				B8D1AD5122D58F6C00CF5EAB /* Resources */,
			);
			buildRules = (
			);
			dependencies = (
			);
			name = "DataStoreManager-watchOS";
			productName = DataStoreManager;
			productReference = B8D1AD5322D58F6C00CF5EAB /* DataStoreManager_watchOS.framework */;
			productType = "com.apple.product-type.framework";
		};
/* End PBXNativeTarget section */

/* Begin PBXProject section */
		B8C2CF2222C8E6640080102C /* Project object */ = {
			isa = PBXProject;
			attributes = {
				DefaultBuildSystemTypeForWorkspace = Original;
				LastSwiftUpdateCheck = 1020;
				LastUpgradeCheck = 1020;
				ORGANIZATIONNAME = "Zaid M. Said";
				TargetAttributes = {
					B82A946622D629FD00AB64F4 = {
						CreatedOnToolsVersion = 10.2.1;
					};
					B8C2CF2A22C8E6640080102C = {
						CreatedOnToolsVersion = 10.2.1;
						LastSwiftMigration = 1020;
					};
					B8C2CF3322C8E6640080102C = {
						CreatedOnToolsVersion = 10.2.1;
					};
					B8D1AD0622D581C400CF5EAB = {
						CreatedOnToolsVersion = 10.2.1;
						LastSwiftMigration = 1020;
					};
					B8D1AD5222D58F6C00CF5EAB = {
						CreatedOnToolsVersion = 10.2.1;
						LastSwiftMigration = 1020;
					};
				};
			};
			buildConfigurationList = B8C2CF2522C8E6640080102C /* Build configuration list for PBXProject "DataStoreManager" */;
			compatibilityVersion = "Xcode 9.3";
			developmentRegion = en;
			hasScannedForEncodings = 0;
			knownRegions = (
				en,
			);
			mainGroup = B8C2CF2122C8E6640080102C;
			productRefGroup = B8C2CF2C22C8E6640080102C /* Products */;
			projectDirPath = "";
			projectRoot = "";
			targets = (
				B8C2CF2A22C8E6640080102C /* DataStoreManager-iOS */,
				B8D1AD0622D581C400CF5EAB /* DataStoreManager-macOS */,
				B8D1AD5222D58F6C00CF5EAB /* DataStoreManager-watchOS */,
				B8C2CF3322C8E6640080102C /* DataStoreManagerTests-iOS */,
				B82A946622D629FD00AB64F4 /* DataStoreManagerTests-macOS */,
			);
		};
/* End PBXProject section */

/* Begin PBXResourcesBuildPhase section */
		B82A946522D629FD00AB64F4 /* Resources */ = {
			isa = PBXResourcesBuildPhase;
			buildActionMask = 2147483647;
			files = (
			);
			runOnlyForDeploymentPostprocessing = 0;
		};
		B8C2CF2922C8E6640080102C /* Resources */ = {
			isa = PBXResourcesBuildPhase;
			buildActionMask = 2147483647;
			files = (
			);
			runOnlyForDeploymentPostprocessing = 0;
		};
		B8C2CF3222C8E6640080102C /* Resources */ = {
			isa = PBXResourcesBuildPhase;
			buildActionMask = 2147483647;
			files = (
			);
			runOnlyForDeploymentPostprocessing = 0;
		};
		B8D1AD0522D581C400CF5EAB /* Resources */ = {
			isa = PBXResourcesBuildPhase;
			buildActionMask = 2147483647;
			files = (
			);
			runOnlyForDeploymentPostprocessing = 0;
		};
		B8D1AD5122D58F6C00CF5EAB /* Resources */ = {
			isa = PBXResourcesBuildPhase;
			buildActionMask = 2147483647;
			files = (
			);
			runOnlyForDeploymentPostprocessing = 0;
		};
/* End PBXResourcesBuildPhase section */

/* Begin PBXSourcesBuildPhase section */
		B82A946322D629FD00AB64F4 /* Sources */ = {
			isa = PBXSourcesBuildPhase;
			buildActionMask = 2147483647;
			files = (
				B82A946A22D629FE00AB64F4 /* DataStoreManagerTests.swift in Sources */,
			);
			runOnlyForDeploymentPostprocessing = 0;
		};
		B8C2CF2722C8E6640080102C /* Sources */ = {
			isa = PBXSourcesBuildPhase;
			buildActionMask = 2147483647;
			files = (
				B8C9485E22D1B0B300B0E72D /* Delegate.swift in Sources */,
				B8C2CF4E22C9080E0080102C /* DataSource.swift in Sources */,
				B8C9485722D1AEFB00B0E72D /* Error.swift in Sources */,
				B8C9485922D1AF4D00B0E72D /* AuthenticationType.swift in Sources */,
				B8C9485B22D1AF8300B0E72D /* ProtocolType.swift in Sources */,
				B886C18F22CC368A00EBEBE4 /* StorageType.swift in Sources */,
				B81933F022CA6A1800A754CA /* UbiquitousKeyValueStoreWorker.swift in Sources */,
				B8E1ED4722CD0506008D0D7B /* CloudKitWorker.swift in Sources */,
				B8F88E8A22C9A57E00414B3E /* KeychainWorker.swift in Sources */,
				B8F88E8C22C9C1CF00414B3E /* CacheWorker.swift in Sources */,
				B8C2CF5022C9180F0080102C /* FileManagerWorker.swift in Sources */,
				B8C2CF4C22C8F1E30080102C /* UserDefaultsWorker.swift in Sources */,
				B8C2CF4A22C8EE980080102C /* DataStoreManager.swift in Sources */,
			);
			runOnlyForDeploymentPostprocessing = 0;
		};
		B8C2CF3022C8E6640080102C /* Sources */ = {
			isa = PBXSourcesBuildPhase;
			buildActionMask = 2147483647;
			files = (
				B8C2CF3A22C8E6640080102C /* DataStoreManagerTests.swift in Sources */,
			);
			runOnlyForDeploymentPostprocessing = 0;
		};
		B8D1AD0322D581C400CF5EAB /* Sources */ = {
			isa = PBXSourcesBuildPhase;
			buildActionMask = 2147483647;
			files = (
				B8D1AD1B22D5831100CF5EAB /* Delegate.swift in Sources */,
				B8D1AD1A22D5830E00CF5EAB /* DataSource.swift in Sources */,
				B8D1AD1922D5830C00CF5EAB /* Error.swift in Sources */,
				B8D1AD1822D5830900CF5EAB /* AuthenticationType.swift in Sources */,
				B8D1AD1722D5830700CF5EAB /* ProtocolType.swift in Sources */,
				B8D1AD1622D5830500CF5EAB /* StorageType.swift in Sources */,
				B8D1AD2022D583E000CF5EAB /* UbiquitousKeyValueStoreWorker.swift in Sources */,
				B8D1AD1522D5830200CF5EAB /* CloudKitWorker.swift in Sources */,
				B8D1AD1422D582FF00CF5EAB /* KeychainWorker.swift in Sources */,
				B8D1AD1322D582FC00CF5EAB /* CacheWorker.swift in Sources */,
				B8D1AD1222D582FA00CF5EAB /* FileManagerWorker.swift in Sources */,
				B8D1AD1122D582F700CF5EAB /* UserDefaultsWorker.swift in Sources */,
				B8D1AD1022D582F400CF5EAB /* DataStoreManager.swift in Sources */,
			);
			runOnlyForDeploymentPostprocessing = 0;
		};
		B8D1AD4F22D58F6C00CF5EAB /* Sources */ = {
			isa = PBXSourcesBuildPhase;
			buildActionMask = 2147483647;
			files = (
				B8D1AD5D22D591FD00CF5EAB /* Delegate.swift in Sources */,
				B8D1AD5E22D5920000CF5EAB /* DataSource.swift in Sources */,
				B8D1AD5F22D5920200CF5EAB /* Error.swift in Sources */,
				B8D1AD6022D5920500CF5EAB /* AuthenticationType.swift in Sources */,
				B8D1AD6122D5921200CF5EAB /* ProtocolType.swift in Sources */,
				B8D1AD6222D5922900CF5EAB /* StorageType.swift in Sources */,
				B8D1AD6322D5922C00CF5EAB /* UbiquitousKeyValueStoreWorker.swift in Sources */,
				B8D1AD6422D5922F00CF5EAB /* CloudKitWorker.swift in Sources */,
				B8D1AD6522D5923200CF5EAB /* KeychainWorker.swift in Sources */,
				B8D1AD6622D5923700CF5EAB /* CacheWorker.swift in Sources */,
				B8D1AD6722D5923B00CF5EAB /* FileManagerWorker.swift in Sources */,
				B8D1AD6822D5923E00CF5EAB /* UserDefaultsWorker.swift in Sources */,
				B8D1AD6922D5924200CF5EAB /* DataStoreManager.swift in Sources */,
			);
			runOnlyForDeploymentPostprocessing = 0;
		};
/* End PBXSourcesBuildPhase section */

/* Begin PBXTargetDependency section */
		B82A946E22D629FE00AB64F4 /* PBXTargetDependency */ = {
			isa = PBXTargetDependency;
			target = B8D1AD0622D581C400CF5EAB /* DataStoreManager-macOS */;
			targetProxy = B82A946D22D629FE00AB64F4 /* PBXContainerItemProxy */;
		};
		B8C2CF3722C8E6640080102C /* PBXTargetDependency */ = {
			isa = PBXTargetDependency;
			target = B8C2CF2A22C8E6640080102C /* DataStoreManager-iOS */;
			targetProxy = B8C2CF3622C8E6640080102C /* PBXContainerItemProxy */;
		};
/* End PBXTargetDependency section */

/* Begin XCBuildConfiguration section */
		B82A947022D629FE00AB64F4 /* Debug */ = {
			isa = XCBuildConfiguration;
			buildSettings = {
				CODE_SIGN_IDENTITY = "Mac Developer";
				CODE_SIGN_STYLE = Automatic;
				COMBINE_HIDPI_IMAGES = YES;
				DEVELOPMENT_TEAM = C8C5YY57VR;
				INFOPLIST_FILE = DataStoreManagerTests/Info.plist;
				LD_RUNPATH_SEARCH_PATHS = (
					"$(inherited)",
					"@executable_path/../Frameworks",
					"@loader_path/../Frameworks",
				);
				MACOSX_DEPLOYMENT_TARGET = 10.14;
				PRODUCT_BUNDLE_IDENTIFIER = com.sentulasia.DataStoreManagerTests;
				PRODUCT_NAME = "$(TARGET_NAME)";
				SDKROOT = macosx;
				SWIFT_VERSION = 5.0;
			};
			name = Debug;
		};
		B82A947122D629FE00AB64F4 /* Release */ = {
			isa = XCBuildConfiguration;
			buildSettings = {
				CODE_SIGN_IDENTITY = "Mac Developer";
				CODE_SIGN_STYLE = Automatic;
				COMBINE_HIDPI_IMAGES = YES;
				DEVELOPMENT_TEAM = C8C5YY57VR;
				INFOPLIST_FILE = DataStoreManagerTests/Info.plist;
				LD_RUNPATH_SEARCH_PATHS = (
					"$(inherited)",
					"@executable_path/../Frameworks",
					"@loader_path/../Frameworks",
				);
				MACOSX_DEPLOYMENT_TARGET = 10.14;
				PRODUCT_BUNDLE_IDENTIFIER = com.sentulasia.DataStoreManagerTests;
				PRODUCT_NAME = "$(TARGET_NAME)";
				SDKROOT = macosx;
				SWIFT_VERSION = 5.0;
			};
			name = Release;
		};
		B8C2CF3D22C8E6640080102C /* Debug */ = {
			isa = XCBuildConfiguration;
			buildSettings = {
				ALWAYS_SEARCH_USER_PATHS = NO;
				CLANG_ANALYZER_NONNULL = YES;
				CLANG_ANALYZER_NUMBER_OBJECT_CONVERSION = YES_AGGRESSIVE;
				CLANG_CXX_LANGUAGE_STANDARD = "gnu++14";
				CLANG_CXX_LIBRARY = "libc++";
				CLANG_ENABLE_MODULES = YES;
				CLANG_ENABLE_OBJC_ARC = YES;
				CLANG_ENABLE_OBJC_WEAK = YES;
				CLANG_WARN_BLOCK_CAPTURE_AUTORELEASING = YES;
				CLANG_WARN_BOOL_CONVERSION = YES;
				CLANG_WARN_COMMA = YES;
				CLANG_WARN_CONSTANT_CONVERSION = YES;
				CLANG_WARN_DEPRECATED_OBJC_IMPLEMENTATIONS = YES;
				CLANG_WARN_DIRECT_OBJC_ISA_USAGE = YES_ERROR;
				CLANG_WARN_DOCUMENTATION_COMMENTS = YES;
				CLANG_WARN_EMPTY_BODY = YES;
				CLANG_WARN_ENUM_CONVERSION = YES;
				CLANG_WARN_INFINITE_RECURSION = YES;
				CLANG_WARN_INT_CONVERSION = YES;
				CLANG_WARN_NON_LITERAL_NULL_CONVERSION = YES;
				CLANG_WARN_OBJC_IMPLICIT_RETAIN_SELF = YES;
				CLANG_WARN_OBJC_LITERAL_CONVERSION = YES;
				CLANG_WARN_OBJC_ROOT_CLASS = YES_ERROR;
				CLANG_WARN_RANGE_LOOP_ANALYSIS = YES;
				CLANG_WARN_STRICT_PROTOTYPES = YES;
				CLANG_WARN_SUSPICIOUS_MOVE = YES;
				CLANG_WARN_UNGUARDED_AVAILABILITY = YES_AGGRESSIVE;
				CLANG_WARN_UNREACHABLE_CODE = YES;
				CLANG_WARN__DUPLICATE_METHOD_MATCH = YES;
				CODE_SIGN_IDENTITY = "iPhone Developer";
				COPY_PHASE_STRIP = NO;
				CURRENT_PROJECT_VERSION = 1;
				DEBUG_INFORMATION_FORMAT = dwarf;
				ENABLE_STRICT_OBJC_MSGSEND = YES;
				ENABLE_TESTABILITY = YES;
				GCC_C_LANGUAGE_STANDARD = gnu11;
				GCC_DYNAMIC_NO_PIC = NO;
				GCC_NO_COMMON_BLOCKS = YES;
				GCC_OPTIMIZATION_LEVEL = 0;
				GCC_PREPROCESSOR_DEFINITIONS = (
					"DEBUG=1",
					"$(inherited)",
				);
				GCC_WARN_64_TO_32_BIT_CONVERSION = YES;
				GCC_WARN_ABOUT_RETURN_TYPE = YES_ERROR;
				GCC_WARN_UNDECLARED_SELECTOR = YES;
				GCC_WARN_UNINITIALIZED_AUTOS = YES_AGGRESSIVE;
				GCC_WARN_UNUSED_FUNCTION = YES;
				GCC_WARN_UNUSED_VARIABLE = YES;
				IPHONEOS_DEPLOYMENT_TARGET = 8.0;
				MTL_ENABLE_DEBUG_INFO = INCLUDE_SOURCE;
				MTL_FAST_MATH = YES;
				ONLY_ACTIVE_ARCH = YES;
				SDKROOT = iphoneos;
				SWIFT_ACTIVE_COMPILATION_CONDITIONS = DEBUG;
				SWIFT_OPTIMIZATION_LEVEL = "-Onone";
				VERSIONING_SYSTEM = "apple-generic";
				VERSION_INFO_PREFIX = "";
			};
			name = Debug;
		};
		B8C2CF3E22C8E6640080102C /* Release */ = {
			isa = XCBuildConfiguration;
			buildSettings = {
				ALWAYS_SEARCH_USER_PATHS = NO;
				CLANG_ANALYZER_NONNULL = YES;
				CLANG_ANALYZER_NUMBER_OBJECT_CONVERSION = YES_AGGRESSIVE;
				CLANG_CXX_LANGUAGE_STANDARD = "gnu++14";
				CLANG_CXX_LIBRARY = "libc++";
				CLANG_ENABLE_MODULES = YES;
				CLANG_ENABLE_OBJC_ARC = YES;
				CLANG_ENABLE_OBJC_WEAK = YES;
				CLANG_WARN_BLOCK_CAPTURE_AUTORELEASING = YES;
				CLANG_WARN_BOOL_CONVERSION = YES;
				CLANG_WARN_COMMA = YES;
				CLANG_WARN_CONSTANT_CONVERSION = YES;
				CLANG_WARN_DEPRECATED_OBJC_IMPLEMENTATIONS = YES;
				CLANG_WARN_DIRECT_OBJC_ISA_USAGE = YES_ERROR;
				CLANG_WARN_DOCUMENTATION_COMMENTS = YES;
				CLANG_WARN_EMPTY_BODY = YES;
				CLANG_WARN_ENUM_CONVERSION = YES;
				CLANG_WARN_INFINITE_RECURSION = YES;
				CLANG_WARN_INT_CONVERSION = YES;
				CLANG_WARN_NON_LITERAL_NULL_CONVERSION = YES;
				CLANG_WARN_OBJC_IMPLICIT_RETAIN_SELF = YES;
				CLANG_WARN_OBJC_LITERAL_CONVERSION = YES;
				CLANG_WARN_OBJC_ROOT_CLASS = YES_ERROR;
				CLANG_WARN_RANGE_LOOP_ANALYSIS = YES;
				CLANG_WARN_STRICT_PROTOTYPES = YES;
				CLANG_WARN_SUSPICIOUS_MOVE = YES;
				CLANG_WARN_UNGUARDED_AVAILABILITY = YES_AGGRESSIVE;
				CLANG_WARN_UNREACHABLE_CODE = YES;
				CLANG_WARN__DUPLICATE_METHOD_MATCH = YES;
				CODE_SIGN_IDENTITY = "iPhone Developer";
				COPY_PHASE_STRIP = NO;
				CURRENT_PROJECT_VERSION = 1;
				DEBUG_INFORMATION_FORMAT = "dwarf-with-dsym";
				ENABLE_NS_ASSERTIONS = NO;
				ENABLE_STRICT_OBJC_MSGSEND = YES;
				GCC_C_LANGUAGE_STANDARD = gnu11;
				GCC_NO_COMMON_BLOCKS = YES;
				GCC_WARN_64_TO_32_BIT_CONVERSION = YES;
				GCC_WARN_ABOUT_RETURN_TYPE = YES_ERROR;
				GCC_WARN_UNDECLARED_SELECTOR = YES;
				GCC_WARN_UNINITIALIZED_AUTOS = YES_AGGRESSIVE;
				GCC_WARN_UNUSED_FUNCTION = YES;
				GCC_WARN_UNUSED_VARIABLE = YES;
				IPHONEOS_DEPLOYMENT_TARGET = 8.0;
				MTL_ENABLE_DEBUG_INFO = NO;
				MTL_FAST_MATH = YES;
				SDKROOT = iphoneos;
				SWIFT_COMPILATION_MODE = wholemodule;
				SWIFT_OPTIMIZATION_LEVEL = "-O";
				VALIDATE_PRODUCT = YES;
				VERSIONING_SYSTEM = "apple-generic";
				VERSION_INFO_PREFIX = "";
			};
			name = Release;
		};
		B8C2CF4022C8E6640080102C /* Debug */ = {
			isa = XCBuildConfiguration;
			buildSettings = {
				CLANG_ENABLE_MODULES = YES;
				CODE_SIGN_IDENTITY = "";
				CODE_SIGN_STYLE = Automatic;
				DEFINES_MODULE = YES;
				DEVELOPMENT_TEAM = C8C5YY57VR;
				DYLIB_COMPATIBILITY_VERSION = 1;
				DYLIB_CURRENT_VERSION = 1;
				DYLIB_INSTALL_NAME_BASE = "@rpath";
				INFOPLIST_FILE = Sources/Info.plist;
				INSTALL_PATH = "$(LOCAL_LIBRARY_DIR)/Frameworks";
				LD_RUNPATH_SEARCH_PATHS = (
					"$(inherited)",
					"@executable_path/Frameworks",
					"@loader_path/Frameworks",
				);
				PRODUCT_BUNDLE_IDENTIFIER = com.sentulasia.DataStoreManager;
				PRODUCT_NAME = "$(TARGET_NAME:c99extidentifier)";
				SKIP_INSTALL = YES;
				SWIFT_OPTIMIZATION_LEVEL = "-Onone";
				SWIFT_VERSION = 5.0;
				TARGETED_DEVICE_FAMILY = "1,2";
			};
			name = Debug;
		};
		B8C2CF4122C8E6640080102C /* Release */ = {
			isa = XCBuildConfiguration;
			buildSettings = {
				CLANG_ENABLE_MODULES = YES;
				CODE_SIGN_IDENTITY = "";
				CODE_SIGN_STYLE = Automatic;
				DEFINES_MODULE = YES;
				DEVELOPMENT_TEAM = C8C5YY57VR;
				DYLIB_COMPATIBILITY_VERSION = 1;
				DYLIB_CURRENT_VERSION = 1;
				DYLIB_INSTALL_NAME_BASE = "@rpath";
				INFOPLIST_FILE = Sources/Info.plist;
				INSTALL_PATH = "$(LOCAL_LIBRARY_DIR)/Frameworks";
				LD_RUNPATH_SEARCH_PATHS = (
					"$(inherited)",
					"@executable_path/Frameworks",
					"@loader_path/Frameworks",
				);
				PRODUCT_BUNDLE_IDENTIFIER = com.sentulasia.DataStoreManager;
				PRODUCT_NAME = "$(TARGET_NAME:c99extidentifier)";
				SKIP_INSTALL = YES;
				SWIFT_VERSION = 5.0;
				TARGETED_DEVICE_FAMILY = "1,2";
			};
			name = Release;
		};
		B8C2CF4322C8E6640080102C /* Debug */ = {
			isa = XCBuildConfiguration;
			buildSettings = {
				ALWAYS_EMBED_SWIFT_STANDARD_LIBRARIES = YES;
				CODE_SIGN_STYLE = Automatic;
				DEVELOPMENT_TEAM = C8C5YY57VR;
				INFOPLIST_FILE = Tests/Info.plist;
				LD_RUNPATH_SEARCH_PATHS = (
					"$(inherited)",
					"@executable_path/Frameworks",
					"@loader_path/Frameworks",
				);
				PRODUCT_BUNDLE_IDENTIFIER = com.sentulasia.DataStoreManagerTests;
				PRODUCT_NAME = "$(TARGET_NAME)";
				SWIFT_VERSION = 5.0;
				TARGETED_DEVICE_FAMILY = "1,2";
			};
			name = Debug;
		};
		B8C2CF4422C8E6640080102C /* Release */ = {
			isa = XCBuildConfiguration;
			buildSettings = {
				ALWAYS_EMBED_SWIFT_STANDARD_LIBRARIES = YES;
				CODE_SIGN_STYLE = Automatic;
				DEVELOPMENT_TEAM = C8C5YY57VR;
				INFOPLIST_FILE = Tests/Info.plist;
				LD_RUNPATH_SEARCH_PATHS = (
					"$(inherited)",
					"@executable_path/Frameworks",
					"@loader_path/Frameworks",
				);
				PRODUCT_BUNDLE_IDENTIFIER = com.sentulasia.DataStoreManagerTests;
				PRODUCT_NAME = "$(TARGET_NAME)";
				SWIFT_VERSION = 5.0;
				TARGETED_DEVICE_FAMILY = "1,2";
			};
			name = Release;
		};
		B8D1AD0D22D581C400CF5EAB /* Debug */ = {
			isa = XCBuildConfiguration;
			buildSettings = {
				CLANG_ENABLE_MODULES = YES;
				CODE_SIGN_IDENTITY = "Mac Developer";
				CODE_SIGN_STYLE = Automatic;
				COMBINE_HIDPI_IMAGES = YES;
				DEFINES_MODULE = YES;
				DEVELOPMENT_TEAM = C8C5YY57VR;
				DYLIB_COMPATIBILITY_VERSION = 1;
				DYLIB_CURRENT_VERSION = 1;
				DYLIB_INSTALL_NAME_BASE = "@rpath";
				FRAMEWORK_VERSION = A;
				INFOPLIST_FILE = Sources/Info.plist;
				INSTALL_PATH = "$(LOCAL_LIBRARY_DIR)/Frameworks";
				LD_RUNPATH_SEARCH_PATHS = (
					"$(inherited)",
					"@executable_path/../Frameworks",
					"@loader_path/Frameworks",
				);
				MACOSX_DEPLOYMENT_TARGET = 10.10;
				PRODUCT_BUNDLE_IDENTIFIER = com.sentulasia.DataStoreManager;
				PRODUCT_NAME = "$(TARGET_NAME:c99extidentifier)";
				SDKROOT = macosx;
				SKIP_INSTALL = YES;
				SWIFT_OPTIMIZATION_LEVEL = "-Onone";
				SWIFT_VERSION = 5.0;
			};
			name = Debug;
		};
		B8D1AD0E22D581C400CF5EAB /* Release */ = {
			isa = XCBuildConfiguration;
			buildSettings = {
				CLANG_ENABLE_MODULES = YES;
				CODE_SIGN_IDENTITY = "Mac Developer";
				CODE_SIGN_STYLE = Automatic;
				COMBINE_HIDPI_IMAGES = YES;
				DEFINES_MODULE = YES;
				DEVELOPMENT_TEAM = C8C5YY57VR;
				DYLIB_COMPATIBILITY_VERSION = 1;
				DYLIB_CURRENT_VERSION = 1;
				DYLIB_INSTALL_NAME_BASE = "@rpath";
				FRAMEWORK_VERSION = A;
				INFOPLIST_FILE = Sources/Info.plist;
				INSTALL_PATH = "$(LOCAL_LIBRARY_DIR)/Frameworks";
				LD_RUNPATH_SEARCH_PATHS = (
					"$(inherited)",
					"@executable_path/../Frameworks",
					"@loader_path/Frameworks",
				);
				MACOSX_DEPLOYMENT_TARGET = 10.10;
				PRODUCT_BUNDLE_IDENTIFIER = com.sentulasia.DataStoreManager;
				PRODUCT_NAME = "$(TARGET_NAME:c99extidentifier)";
				SDKROOT = macosx;
				SKIP_INSTALL = YES;
				SWIFT_VERSION = 5.0;
			};
			name = Release;
		};
		B8D1AD5922D58F6C00CF5EAB /* Debug */ = {
			isa = XCBuildConfiguration;
			buildSettings = {
				APPLICATION_EXTENSION_API_ONLY = YES;
				CLANG_ENABLE_MODULES = YES;
				CODE_SIGN_IDENTITY = "";
				CODE_SIGN_STYLE = Automatic;
				DEFINES_MODULE = YES;
				DEVELOPMENT_TEAM = C8C5YY57VR;
				DYLIB_COMPATIBILITY_VERSION = 1;
				DYLIB_CURRENT_VERSION = 1;
				DYLIB_INSTALL_NAME_BASE = "@rpath";
				INFOPLIST_FILE = Sources/Info.plist;
				INSTALL_PATH = "$(LOCAL_LIBRARY_DIR)/Frameworks";
				LD_RUNPATH_SEARCH_PATHS = (
					"$(inherited)",
					"@executable_path/Frameworks",
					"@loader_path/Frameworks",
				);
				PRODUCT_BUNDLE_IDENTIFIER = com.sentulasia.DataStoreManager;
				PRODUCT_NAME = "$(TARGET_NAME:c99extidentifier)";
				SDKROOT = watchos;
				SKIP_INSTALL = YES;
				SWIFT_OPTIMIZATION_LEVEL = "-Onone";
				SWIFT_VERSION = 5.0;
				TARGETED_DEVICE_FAMILY = 4;
				WATCHOS_DEPLOYMENT_TARGET = 2.0;
			};
			name = Debug;
		};
		B8D1AD5A22D58F6C00CF5EAB /* Release */ = {
			isa = XCBuildConfiguration;
			buildSettings = {
				APPLICATION_EXTENSION_API_ONLY = YES;
				CLANG_ENABLE_MODULES = YES;
				CODE_SIGN_IDENTITY = "";
				CODE_SIGN_STYLE = Automatic;
				DEFINES_MODULE = YES;
				DEVELOPMENT_TEAM = C8C5YY57VR;
				DYLIB_COMPATIBILITY_VERSION = 1;
				DYLIB_CURRENT_VERSION = 1;
				DYLIB_INSTALL_NAME_BASE = "@rpath";
				INFOPLIST_FILE = Sources/Info.plist;
				INSTALL_PATH = "$(LOCAL_LIBRARY_DIR)/Frameworks";
				LD_RUNPATH_SEARCH_PATHS = (
					"$(inherited)",
					"@executable_path/Frameworks",
					"@loader_path/Frameworks",
				);
				PRODUCT_BUNDLE_IDENTIFIER = com.sentulasia.DataStoreManager;
				PRODUCT_NAME = "$(TARGET_NAME:c99extidentifier)";
				SDKROOT = watchos;
				SKIP_INSTALL = YES;
				SWIFT_VERSION = 5.0;
				TARGETED_DEVICE_FAMILY = 4;
				WATCHOS_DEPLOYMENT_TARGET = 2.0;
			};
			name = Release;
		};
/* End XCBuildConfiguration section */

/* Begin XCConfigurationList section */
		B82A946F22D629FE00AB64F4 /* Build configuration list for PBXNativeTarget "DataStoreManagerTests-macOS" */ = {
			isa = XCConfigurationList;
			buildConfigurations = (
				B82A947022D629FE00AB64F4 /* Debug */,
				B82A947122D629FE00AB64F4 /* Release */,
			);
			defaultConfigurationIsVisible = 0;
			defaultConfigurationName = Release;
		};
		B8C2CF2522C8E6640080102C /* Build configuration list for PBXProject "DataStoreManager" */ = {
			isa = XCConfigurationList;
			buildConfigurations = (
				B8C2CF3D22C8E6640080102C /* Debug */,
				B8C2CF3E22C8E6640080102C /* Release */,
			);
			defaultConfigurationIsVisible = 0;
			defaultConfigurationName = Release;
		};
		B8C2CF3F22C8E6640080102C /* Build configuration list for PBXNativeTarget "DataStoreManager-iOS" */ = {
			isa = XCConfigurationList;
			buildConfigurations = (
				B8C2CF4022C8E6640080102C /* Debug */,
				B8C2CF4122C8E6640080102C /* Release */,
			);
			defaultConfigurationIsVisible = 0;
			defaultConfigurationName = Release;
		};
		B8C2CF4222C8E6640080102C /* Build configuration list for PBXNativeTarget "DataStoreManagerTests-iOS" */ = {
			isa = XCConfigurationList;
			buildConfigurations = (
				B8C2CF4322C8E6640080102C /* Debug */,
				B8C2CF4422C8E6640080102C /* Release */,
			);
			defaultConfigurationIsVisible = 0;
			defaultConfigurationName = Release;
		};
		B8D1AD0C22D581C400CF5EAB /* Build configuration list for PBXNativeTarget "DataStoreManager-macOS" */ = {
			isa = XCConfigurationList;
			buildConfigurations = (
				B8D1AD0D22D581C400CF5EAB /* Debug */,
				B8D1AD0E22D581C400CF5EAB /* Release */,
			);
			defaultConfigurationIsVisible = 0;
			defaultConfigurationName = Release;
		};
		B8D1AD5822D58F6C00CF5EAB /* Build configuration list for PBXNativeTarget "DataStoreManager-watchOS" */ = {
			isa = XCConfigurationList;
			buildConfigurations = (
				B8D1AD5922D58F6C00CF5EAB /* Debug */,
				B8D1AD5A22D58F6C00CF5EAB /* Release */,
			);
			defaultConfigurationIsVisible = 0;
			defaultConfigurationName = Release;
		};
/* End XCConfigurationList section */
	};
	rootObject = B8C2CF2222C8E6640080102C /* Project object */;
}
