// !$*UTF8*$!
{
	archiveVersion = 1;
	classes = {
	};
	objectVersion = 50;
	objects = {

/* Begin PBXBuildFile section */
		B81933F022CA6A1800A754CA /* UbiquitousWorker.swift in Sources */ = {isa = PBXBuildFile; fileRef = B81933EF22CA6A1800A754CA /* UbiquitousWorker.swift */; };
		B8C2CF3522C8E6640080102C /* DataStoreManager.framework in Frameworks */ = {isa = PBXBuildFile; fileRef = B8C2CF2B22C8E6640080102C /* DataStoreManager.framework */; };
		B8C2CF3A22C8E6640080102C /* DataStoreManagerTests.swift in Sources */ = {isa = PBXBuildFile; fileRef = B8C2CF3922C8E6640080102C /* DataStoreManagerTests.swift */; };
		B8C2CF3C22C8E6640080102C /* DataStoreManager.h in Headers */ = {isa = PBXBuildFile; fileRef = B8C2CF2E22C8E6640080102C /* DataStoreManager.h */; settings = {ATTRIBUTES = (Public, ); }; };
		B8C2CF4A22C8EE980080102C /* DataStoreManager.swift in Sources */ = {isa = PBXBuildFile; fileRef = B8C2CF4922C8EE980080102C /* DataStoreManager.swift */; };
		B8C2CF4C22C8F1E30080102C /* UserDefaultsWorker.swift in Sources */ = {isa = PBXBuildFile; fileRef = B8C2CF4B22C8F1E30080102C /* UserDefaultsWorker.swift */; };
		B8C2CF4E22C9080E0080102C /* DataStoreManager+Protocol.swift in Sources */ = {isa = PBXBuildFile; fileRef = B8C2CF4D22C9080E0080102C /* DataStoreManager+Protocol.swift */; };
		B8C2CF5022C9180F0080102C /* FileManagerWorker.swift in Sources */ = {isa = PBXBuildFile; fileRef = B8C2CF4F22C9180F0080102C /* FileManagerWorker.swift */; };
		B8F88E8A22C9A57E00414B3E /* SecurityItemWorker.swift in Sources */ = {isa = PBXBuildFile; fileRef = B8F88E8922C9A57E00414B3E /* SecurityItemWorker.swift */; };
		B8F88E8C22C9C1CF00414B3E /* CacheWorker.swift in Sources */ = {isa = PBXBuildFile; fileRef = B8F88E8B22C9C1CF00414B3E /* CacheWorker.swift */; };
/* End PBXBuildFile section */

/* Begin PBXContainerItemProxy section */
		B8C2CF3622C8E6640080102C /* PBXContainerItemProxy */ = {
			isa = PBXContainerItemProxy;
			containerPortal = B8C2CF2222C8E6640080102C /* Project object */;
			proxyType = 1;
			remoteGlobalIDString = B8C2CF2A22C8E6640080102C;
			remoteInfo = DataStoreManager;
		};
/* End PBXContainerItemProxy section */

/* Begin PBXFileReference section */
		B81933EF22CA6A1800A754CA /* UbiquitousWorker.swift */ = {isa = PBXFileReference; lastKnownFileType = sourcecode.swift; path = UbiquitousWorker.swift; sourceTree = "<group>"; };
		B8C2CF2B22C8E6640080102C /* DataStoreManager.framework */ = {isa = PBXFileReference; explicitFileType = wrapper.framework; includeInIndex = 0; path = DataStoreManager.framework; sourceTree = BUILT_PRODUCTS_DIR; };
		B8C2CF2E22C8E6640080102C /* DataStoreManager.h */ = {isa = PBXFileReference; lastKnownFileType = sourcecode.c.h; path = DataStoreManager.h; sourceTree = "<group>"; };
		B8C2CF2F22C8E6640080102C /* Info.plist */ = {isa = PBXFileReference; lastKnownFileType = text.plist.xml; path = Info.plist; sourceTree = "<group>"; };
		B8C2CF3422C8E6640080102C /* DataStoreManagerTests.xctest */ = {isa = PBXFileReference; explicitFileType = wrapper.cfbundle; includeInIndex = 0; path = DataStoreManagerTests.xctest; sourceTree = BUILT_PRODUCTS_DIR; };
		B8C2CF3922C8E6640080102C /* DataStoreManagerTests.swift */ = {isa = PBXFileReference; lastKnownFileType = sourcecode.swift; path = DataStoreManagerTests.swift; sourceTree = "<group>"; };
		B8C2CF3B22C8E6640080102C /* Info.plist */ = {isa = PBXFileReference; lastKnownFileType = text.plist.xml; path = Info.plist; sourceTree = "<group>"; };
		B8C2CF4922C8EE980080102C /* DataStoreManager.swift */ = {isa = PBXFileReference; lastKnownFileType = sourcecode.swift; path = DataStoreManager.swift; sourceTree = "<group>"; };
		B8C2CF4B22C8F1E30080102C /* UserDefaultsWorker.swift */ = {isa = PBXFileReference; lastKnownFileType = sourcecode.swift; path = UserDefaultsWorker.swift; sourceTree = "<group>"; };
		B8C2CF4D22C9080E0080102C /* DataStoreManager+Protocol.swift */ = {isa = PBXFileReference; lastKnownFileType = sourcecode.swift; path = "DataStoreManager+Protocol.swift"; sourceTree = "<group>"; };
		B8C2CF4F22C9180F0080102C /* FileManagerWorker.swift */ = {isa = PBXFileReference; lastKnownFileType = sourcecode.swift; path = FileManagerWorker.swift; sourceTree = "<group>"; };
		B8F88E8922C9A57E00414B3E /* SecurityItemWorker.swift */ = {isa = PBXFileReference; lastKnownFileType = sourcecode.swift; path = SecurityItemWorker.swift; sourceTree = "<group>"; };
		B8F88E8B22C9C1CF00414B3E /* CacheWorker.swift */ = {isa = PBXFileReference; lastKnownFileType = sourcecode.swift; path = CacheWorker.swift; sourceTree = "<group>"; };
/* End PBXFileReference section */

/* Begin PBXFrameworksBuildPhase section */
		B8C2CF2822C8E6640080102C /* Frameworks */ = {
			isa = PBXFrameworksBuildPhase;
			buildActionMask = 2147483647;
			files = (
			);
			runOnlyForDeploymentPostprocessing = 0;
		};
		B8C2CF3122C8E6640080102C /* Frameworks */ = {
			isa = PBXFrameworksBuildPhase;
			buildActionMask = 2147483647;
			files = (
				B8C2CF3522C8E6640080102C /* DataStoreManager.framework in Frameworks */,
			);
			runOnlyForDeploymentPostprocessing = 0;
		};
/* End PBXFrameworksBuildPhase section */

/* Begin PBXGroup section */
		B8C2CF2122C8E6640080102C = {
			isa = PBXGroup;
			children = (
				B8C2CF2D22C8E6640080102C /* Sources */,
				B8C2CF3822C8E6640080102C /* Tests */,
				B8C2CF2C22C8E6640080102C /* Products */,
			);
			sourceTree = "<group>";
		};
		B8C2CF2C22C8E6640080102C /* Products */ = {
			isa = PBXGroup;
			children = (
				B8C2CF2B22C8E6640080102C /* DataStoreManager.framework */,
				B8C2CF3422C8E6640080102C /* DataStoreManagerTests.xctest */,
			);
			name = Products;
			sourceTree = "<group>";
		};
		B8C2CF2D22C8E6640080102C /* Sources */ = {
			isa = PBXGroup;
			children = (
				B8C2CF4522C8E69D0080102C /* DataStoreManager */,
				B8C2CF2F22C8E6640080102C /* Info.plist */,
			);
			path = Sources;
			sourceTree = "<group>";
		};
		B8C2CF3822C8E6640080102C /* Tests */ = {
			isa = PBXGroup;
			children = (
				B8C2CF4622C8E6C80080102C /* DataStoreManagerTests */,
				B8C2CF3B22C8E6640080102C /* Info.plist */,
			);
			path = Tests;
			sourceTree = "<group>";
		};
		B8C2CF4522C8E69D0080102C /* DataStoreManager */ = {
			isa = PBXGroup;
			children = (
				B8C2CF4922C8EE980080102C /* DataStoreManager.swift */,
				B8C2CF4B22C8F1E30080102C /* UserDefaultsWorker.swift */,
				B8C2CF4F22C9180F0080102C /* FileManagerWorker.swift */,
				B8F88E8B22C9C1CF00414B3E /* CacheWorker.swift */,
				B8F88E8922C9A57E00414B3E /* SecurityItemWorker.swift */,
				B81933EF22CA6A1800A754CA /* UbiquitousWorker.swift */,
				B8C2CF4D22C9080E0080102C /* DataStoreManager+Protocol.swift */,
				B8C2CF2E22C8E6640080102C /* DataStoreManager.h */,
			);
			path = DataStoreManager;
			sourceTree = "<group>";
		};
		B8C2CF4622C8E6C80080102C /* DataStoreManagerTests */ = {
			isa = PBXGroup;
			children = (
				B8C2CF3922C8E6640080102C /* DataStoreManagerTests.swift */,
			);
			path = DataStoreManagerTests;
			sourceTree = "<group>";
		};
/* End PBXGroup section */

/* Begin PBXHeadersBuildPhase section */
		B8C2CF2622C8E6640080102C /* Headers */ = {
			isa = PBXHeadersBuildPhase;
			buildActionMask = 2147483647;
			files = (
				B8C2CF3C22C8E6640080102C /* DataStoreManager.h in Headers */,
			);
			runOnlyForDeploymentPostprocessing = 0;
		};
/* End PBXHeadersBuildPhase section */

/* Begin PBXNativeTarget section */
		B8C2CF2A22C8E6640080102C /* DataStoreManager */ = {
			isa = PBXNativeTarget;
			buildConfigurationList = B8C2CF3F22C8E6640080102C /* Build configuration list for PBXNativeTarget "DataStoreManager" */;
			buildPhases = (
				B8C2CF2622C8E6640080102C /* Headers */,
				B8C2CF2722C8E6640080102C /* Sources */,
				B8C2CF2822C8E6640080102C /* Frameworks */,
				B8C2CF2922C8E6640080102C /* Resources */,
			);
			buildRules = (
			);
			dependencies = (
			);
			name = DataStoreManager;
			productName = DataStoreManager;
			productReference = B8C2CF2B22C8E6640080102C /* DataStoreManager.framework */;
			productType = "com.apple.product-type.framework";
		};
		B8C2CF3322C8E6640080102C /* DataStoreManagerTests */ = {
			isa = PBXNativeTarget;
			buildConfigurationList = B8C2CF4222C8E6640080102C /* Build configuration list for PBXNativeTarget "DataStoreManagerTests" */;
			buildPhases = (
				B8C2CF3022C8E6640080102C /* Sources */,
				B8C2CF3122C8E6640080102C /* Frameworks */,
				B8C2CF3222C8E6640080102C /* Resources */,
			);
			buildRules = (
			);
			dependencies = (
				B8C2CF3722C8E6640080102C /* PBXTargetDependency */,
			);
			name = DataStoreManagerTests;
			productName = DataStoreManagerTests;
			productReference = B8C2CF3422C8E6640080102C /* DataStoreManagerTests.xctest */;
			productType = "com.apple.product-type.bundle.unit-test";
		};
/* End PBXNativeTarget section */

/* Begin PBXProject section */
		B8C2CF2222C8E6640080102C /* Project object */ = {
			isa = PBXProject;
			attributes = {
				LastSwiftUpdateCheck = 1020;
				LastUpgradeCheck = 1020;
				ORGANIZATIONNAME = "Zaid M. Said";
				TargetAttributes = {
					B8C2CF2A22C8E6640080102C = {
						CreatedOnToolsVersion = 10.2.1;
						LastSwiftMigration = 1020;
					};
					B8C2CF3322C8E6640080102C = {
						CreatedOnToolsVersion = 10.2.1;
					};
				};
			};
			buildConfigurationList = B8C2CF2522C8E6640080102C /* Build configuration list for PBXProject "DataStoreManager" */;
			compatibilityVersion = "Xcode 9.3";
			developmentRegion = en;
			hasScannedForEncodings = 0;
			knownRegions = (
				en,
			);
			mainGroup = B8C2CF2122C8E6640080102C;
			productRefGroup = B8C2CF2C22C8E6640080102C /* Products */;
			projectDirPath = "";
			projectRoot = "";
			targets = (
				B8C2CF2A22C8E6640080102C /* DataStoreManager */,
				B8C2CF3322C8E6640080102C /* DataStoreManagerTests */,
			);
		};
/* End PBXProject section */

/* Begin PBXResourcesBuildPhase section */
		B8C2CF2922C8E6640080102C /* Resources */ = {
			isa = PBXResourcesBuildPhase;
			buildActionMask = 2147483647;
			files = (
			);
			runOnlyForDeploymentPostprocessing = 0;
		};
		B8C2CF3222C8E6640080102C /* Resources */ = {
			isa = PBXResourcesBuildPhase;
			buildActionMask = 2147483647;
			files = (
			);
			runOnlyForDeploymentPostprocessing = 0;
		};
/* End PBXResourcesBuildPhase section */

/* Begin PBXSourcesBuildPhase section */
		B8C2CF2722C8E6640080102C /* Sources */ = {
			isa = PBXSourcesBuildPhase;
			buildActionMask = 2147483647;
			files = (
				B8C2CF4C22C8F1E30080102C /* UserDefaultsWorker.swift in Sources */,
				B8F88E8A22C9A57E00414B3E /* SecurityItemWorker.swift in Sources */,
				B8F88E8C22C9C1CF00414B3E /* CacheWorker.swift in Sources */,
				B8C2CF4E22C9080E0080102C /* DataStoreManager+Protocol.swift in Sources */,
				B81933F022CA6A1800A754CA /* UbiquitousWorker.swift in Sources */,
				B8C2CF4A22C8EE980080102C /* DataStoreManager.swift in Sources */,
				B8C2CF5022C9180F0080102C /* FileManagerWorker.swift in Sources */,
			);
			runOnlyForDeploymentPostprocessing = 0;
		};
		B8C2CF3022C8E6640080102C /* Sources */ = {
			isa = PBXSourcesBuildPhase;
			buildActionMask = 2147483647;
			files = (
				B8C2CF3A22C8E6640080102C /* DataStoreManagerTests.swift in Sources */,
			);
			runOnlyForDeploymentPostprocessing = 0;
		};
/* End PBXSourcesBuildPhase section */

/* Begin PBXTargetDependency section */
		B8C2CF3722C8E6640080102C /* PBXTargetDependency */ = {
			isa = PBXTargetDependency;
			target = B8C2CF2A22C8E6640080102C /* DataStoreManager */;
			targetProxy = B8C2CF3622C8E6640080102C /* PBXContainerItemProxy */;
		};
/* End PBXTargetDependency section */

/* Begin XCBuildConfiguration section */
		B8C2CF3D22C8E6640080102C /* Debug */ = {
			isa = XCBuildConfiguration;
			buildSettings = {
				ALWAYS_SEARCH_USER_PATHS = NO;
				CLANG_ANALYZER_NONNULL = YES;
				CLANG_ANALYZER_NUMBER_OBJECT_CONVERSION = YES_AGGRESSIVE;
				CLANG_CXX_LANGUAGE_STANDARD = "gnu++14";
				CLANG_CXX_LIBRARY = "libc++";
				CLANG_ENABLE_MODULES = YES;
				CLANG_ENABLE_OBJC_ARC = YES;
				CLANG_ENABLE_OBJC_WEAK = YES;
				CLANG_WARN_BLOCK_CAPTURE_AUTORELEASING = YES;
				CLANG_WARN_BOOL_CONVERSION = YES;
				CLANG_WARN_COMMA = YES;
				CLANG_WARN_CONSTANT_CONVERSION = YES;
				CLANG_WARN_DEPRECATED_OBJC_IMPLEMENTATIONS = YES;
				CLANG_WARN_DIRECT_OBJC_ISA_USAGE = YES_ERROR;
				CLANG_WARN_DOCUMENTATION_COMMENTS = YES;
				CLANG_WARN_EMPTY_BODY = YES;
				CLANG_WARN_ENUM_CONVERSION = YES;
				CLANG_WARN_INFINITE_RECURSION = YES;
				CLANG_WARN_INT_CONVERSION = YES;
				CLANG_WARN_NON_LITERAL_NULL_CONVERSION = YES;
				CLANG_WARN_OBJC_IMPLICIT_RETAIN_SELF = YES;
				CLANG_WARN_OBJC_LITERAL_CONVERSION = YES;
				CLANG_WARN_OBJC_ROOT_CLASS = YES_ERROR;
				CLANG_WARN_RANGE_LOOP_ANALYSIS = YES;
				CLANG_WARN_STRICT_PROTOTYPES = YES;
				CLANG_WARN_SUSPICIOUS_MOVE = YES;
				CLANG_WARN_UNGUARDED_AVAILABILITY = YES_AGGRESSIVE;
				CLANG_WARN_UNREACHABLE_CODE = YES;
				CLANG_WARN__DUPLICATE_METHOD_MATCH = YES;
				CODE_SIGN_IDENTITY = "iPhone Developer";
				COPY_PHASE_STRIP = NO;
				CURRENT_PROJECT_VERSION = 1;
				DEBUG_INFORMATION_FORMAT = dwarf;
				ENABLE_STRICT_OBJC_MSGSEND = YES;
				ENABLE_TESTABILITY = YES;
				GCC_C_LANGUAGE_STANDARD = gnu11;
				GCC_DYNAMIC_NO_PIC = NO;
				GCC_NO_COMMON_BLOCKS = YES;
				GCC_OPTIMIZATION_LEVEL = 0;
				GCC_PREPROCESSOR_DEFINITIONS = (
					"DEBUG=1",
					"$(inherited)",
				);
				GCC_WARN_64_TO_32_BIT_CONVERSION = YES;
				GCC_WARN_ABOUT_RETURN_TYPE = YES_ERROR;
				GCC_WARN_UNDECLARED_SELECTOR = YES;
				GCC_WARN_UNINITIALIZED_AUTOS = YES_AGGRESSIVE;
				GCC_WARN_UNUSED_FUNCTION = YES;
				GCC_WARN_UNUSED_VARIABLE = YES;
				IPHONEOS_DEPLOYMENT_TARGET = 8.0;
				MTL_ENABLE_DEBUG_INFO = INCLUDE_SOURCE;
				MTL_FAST_MATH = YES;
				ONLY_ACTIVE_ARCH = YES;
				SDKROOT = iphoneos;
				SWIFT_ACTIVE_COMPILATION_CONDITIONS = DEBUG;
				SWIFT_OPTIMIZATION_LEVEL = "-Onone";
				VERSIONING_SYSTEM = "apple-generic";
				VERSION_INFO_PREFIX = "";
			};
			name = Debug;
		};
		B8C2CF3E22C8E6640080102C /* Release */ = {
			isa = XCBuildConfiguration;
			buildSettings = {
				ALWAYS_SEARCH_USER_PATHS = NO;
				CLANG_ANALYZER_NONNULL = YES;
				CLANG_ANALYZER_NUMBER_OBJECT_CONVERSION = YES_AGGRESSIVE;
				CLANG_CXX_LANGUAGE_STANDARD = "gnu++14";
				CLANG_CXX_LIBRARY = "libc++";
				CLANG_ENABLE_MODULES = YES;
				CLANG_ENABLE_OBJC_ARC = YES;
				CLANG_ENABLE_OBJC_WEAK = YES;
				CLANG_WARN_BLOCK_CAPTURE_AUTORELEASING = YES;
				CLANG_WARN_BOOL_CONVERSION = YES;
				CLANG_WARN_COMMA = YES;
				CLANG_WARN_CONSTANT_CONVERSION = YES;
				CLANG_WARN_DEPRECATED_OBJC_IMPLEMENTATIONS = YES;
				CLANG_WARN_DIRECT_OBJC_ISA_USAGE = YES_ERROR;
				CLANG_WARN_DOCUMENTATION_COMMENTS = YES;
				CLANG_WARN_EMPTY_BODY = YES;
				CLANG_WARN_ENUM_CONVERSION = YES;
				CLANG_WARN_INFINITE_RECURSION = YES;
				CLANG_WARN_INT_CONVERSION = YES;
				CLANG_WARN_NON_LITERAL_NULL_CONVERSION = YES;
				CLANG_WARN_OBJC_IMPLICIT_RETAIN_SELF = YES;
				CLANG_WARN_OBJC_LITERAL_CONVERSION = YES;
				CLANG_WARN_OBJC_ROOT_CLASS = YES_ERROR;
				CLANG_WARN_RANGE_LOOP_ANALYSIS = YES;
				CLANG_WARN_STRICT_PROTOTYPES = YES;
				CLANG_WARN_SUSPICIOUS_MOVE = YES;
				CLANG_WARN_UNGUARDED_AVAILABILITY = YES_AGGRESSIVE;
				CLANG_WARN_UNREACHABLE_CODE = YES;
				CLANG_WARN__DUPLICATE_METHOD_MATCH = YES;
				CODE_SIGN_IDENTITY = "iPhone Developer";
				COPY_PHASE_STRIP = NO;
				CURRENT_PROJECT_VERSION = 1;
				DEBUG_INFORMATION_FORMAT = "dwarf-with-dsym";
				ENABLE_NS_ASSERTIONS = NO;
				ENABLE_STRICT_OBJC_MSGSEND = YES;
				GCC_C_LANGUAGE_STANDARD = gnu11;
				GCC_NO_COMMON_BLOCKS = YES;
				GCC_WARN_64_TO_32_BIT_CONVERSION = YES;
				GCC_WARN_ABOUT_RETURN_TYPE = YES_ERROR;
				GCC_WARN_UNDECLARED_SELECTOR = YES;
				GCC_WARN_UNINITIALIZED_AUTOS = YES_AGGRESSIVE;
				GCC_WARN_UNUSED_FUNCTION = YES;
				GCC_WARN_UNUSED_VARIABLE = YES;
				IPHONEOS_DEPLOYMENT_TARGET = 8.0;
				MTL_ENABLE_DEBUG_INFO = NO;
				MTL_FAST_MATH = YES;
				SDKROOT = iphoneos;
				SWIFT_COMPILATION_MODE = wholemodule;
				SWIFT_OPTIMIZATION_LEVEL = "-O";
				VALIDATE_PRODUCT = YES;
				VERSIONING_SYSTEM = "apple-generic";
				VERSION_INFO_PREFIX = "";
			};
			name = Release;
		};
		B8C2CF4022C8E6640080102C /* Debug */ = {
			isa = XCBuildConfiguration;
			buildSettings = {
				CLANG_ENABLE_MODULES = YES;
				CODE_SIGN_IDENTITY = "";
				CODE_SIGN_STYLE = Automatic;
				DEFINES_MODULE = YES;
				DEVELOPMENT_TEAM = C8C5YY57VR;
				DYLIB_COMPATIBILITY_VERSION = 1;
				DYLIB_CURRENT_VERSION = 1;
				DYLIB_INSTALL_NAME_BASE = "@rpath";
				INFOPLIST_FILE = Sources/Info.plist;
				INSTALL_PATH = "$(LOCAL_LIBRARY_DIR)/Frameworks";
				LD_RUNPATH_SEARCH_PATHS = (
					"$(inherited)",
					"@executable_path/Frameworks",
					"@loader_path/Frameworks",
				);
				PRODUCT_BUNDLE_IDENTIFIER = com.sentulasia.DataStoreManager;
				PRODUCT_NAME = "$(TARGET_NAME:c99extidentifier)";
				SKIP_INSTALL = YES;
				SWIFT_OPTIMIZATION_LEVEL = "-Onone";
				SWIFT_VERSION = 5.0;
				TARGETED_DEVICE_FAMILY = "1,2";
			};
			name = Debug;
		};
		B8C2CF4122C8E6640080102C /* Release */ = {
			isa = XCBuildConfiguration;
			buildSettings = {
				CLANG_ENABLE_MODULES = YES;
				CODE_SIGN_IDENTITY = "";
				CODE_SIGN_STYLE = Automatic;
				DEFINES_MODULE = YES;
				DEVELOPMENT_TEAM = C8C5YY57VR;
				DYLIB_COMPATIBILITY_VERSION = 1;
				DYLIB_CURRENT_VERSION = 1;
				DYLIB_INSTALL_NAME_BASE = "@rpath";
				INFOPLIST_FILE = Sources/Info.plist;
				INSTALL_PATH = "$(LOCAL_LIBRARY_DIR)/Frameworks";
				LD_RUNPATH_SEARCH_PATHS = (
					"$(inherited)",
					"@executable_path/Frameworks",
					"@loader_path/Frameworks",
				);
				PRODUCT_BUNDLE_IDENTIFIER = com.sentulasia.DataStoreManager;
				PRODUCT_NAME = "$(TARGET_NAME:c99extidentifier)";
				SKIP_INSTALL = YES;
				SWIFT_VERSION = 5.0;
				TARGETED_DEVICE_FAMILY = "1,2";
			};
			name = Release;
		};
		B8C2CF4322C8E6640080102C /* Debug */ = {
			isa = XCBuildConfiguration;
			buildSettings = {
				ALWAYS_EMBED_SWIFT_STANDARD_LIBRARIES = YES;
				CODE_SIGN_STYLE = Automatic;
				DEVELOPMENT_TEAM = C8C5YY57VR;
				INFOPLIST_FILE = Tests/Info.plist;
				LD_RUNPATH_SEARCH_PATHS = (
					"$(inherited)",
					"@executable_path/Frameworks",
					"@loader_path/Frameworks",
				);
				PRODUCT_BUNDLE_IDENTIFIER = com.sentulasia.DataStoreManagerTests;
				PRODUCT_NAME = "$(TARGET_NAME)";
				SWIFT_VERSION = 5.0;
				TARGETED_DEVICE_FAMILY = "1,2";
			};
			name = Debug;
		};
		B8C2CF4422C8E6640080102C /* Release */ = {
			isa = XCBuildConfiguration;
			buildSettings = {
				ALWAYS_EMBED_SWIFT_STANDARD_LIBRARIES = YES;
				CODE_SIGN_STYLE = Automatic;
				DEVELOPMENT_TEAM = C8C5YY57VR;
				INFOPLIST_FILE = Tests/Info.plist;
				LD_RUNPATH_SEARCH_PATHS = (
					"$(inherited)",
					"@executable_path/Frameworks",
					"@loader_path/Frameworks",
				);
				PRODUCT_BUNDLE_IDENTIFIER = com.sentulasia.DataStoreManagerTests;
				PRODUCT_NAME = "$(TARGET_NAME)";
				SWIFT_VERSION = 5.0;
				TARGETED_DEVICE_FAMILY = "1,2";
			};
			name = Release;
		};
/* End XCBuildConfiguration section */

/* Begin XCConfigurationList section */
		B8C2CF2522C8E6640080102C /* Build configuration list for PBXProject "DataStoreManager" */ = {
			isa = XCConfigurationList;
			buildConfigurations = (
				B8C2CF3D22C8E6640080102C /* Debug */,
				B8C2CF3E22C8E6640080102C /* Release */,
			);
			defaultConfigurationIsVisible = 0;
			defaultConfigurationName = Release;
		};
		B8C2CF3F22C8E6640080102C /* Build configuration list for PBXNativeTarget "DataStoreManager" */ = {
			isa = XCConfigurationList;
			buildConfigurations = (
				B8C2CF4022C8E6640080102C /* Debug */,
				B8C2CF4122C8E6640080102C /* Release */,
			);
			defaultConfigurationIsVisible = 0;
			defaultConfigurationName = Release;
		};
		B8C2CF4222C8E6640080102C /* Build configuration list for PBXNativeTarget "DataStoreManagerTests" */ = {
			isa = XCConfigurationList;
			buildConfigurations = (
				B8C2CF4322C8E6640080102C /* Debug */,
				B8C2CF4422C8E6640080102C /* Release */,
			);
			defaultConfigurationIsVisible = 0;
			defaultConfigurationName = Release;
		};
/* End XCConfigurationList section */
	};
	rootObject = B8C2CF2222C8E6640080102C /* Project object */;
}
